version = 1
revision = 3
requires-python = ">=3.12"

[[package]]
name = "arabic-reshaper"
version = "3.0.1"
source = { registry = "https://pypi.org/simple" }
sdist = { url = "https://files.pythonhosted.org/packages/f2/6c/6be41c689bd2f6e9274c77bf45be820e41ff1ecb9ab0a1d23964b6d04606/arabic_reshaper-3.0.1.tar.gz", hash = "sha256:a0d9b2a9fa29b5f2c1d705f407adf6ca4242405b9cac0e5cc09e6c4f3f8fb68c", size = 42829, upload-time = "2026-04-28T13:53:17.447Z" }
wheels = [
    { url = "https://files.pythonhosted.org/packages/6e/7d/77752d819ede528c664ecf4de974b17b049e054a14537b74b53c8568014f/arabic_reshaper-3.0.1-py3-none-any.whl", hash = "sha256:41c5adc2420f85758eada7e880251c4b6a2adbd83377bd27e5d4eba71f648bc7", size = 20699, upload-time = "2026-04-28T13:53:15.894Z" },
]

[[package]]
name = "blinker"
version = "1.9.0"
source = { registry = "https://pypi.org/simple" }
sdist = { url = "https://files.pythonhosted.org/packages/21/28/9b3f50ce0e048515135495f198351908d99540d69bfdc8c1d15b73dc55ce/blinker-1.9.0.tar.gz", hash = "sha256:b4ce2265a7abece45e7cc896e98dbebe6cead56bcf805a3d23136d145f5445bf", size = 22460, upload-time = "2024-11-08T17:25:47.436Z" }
wheels = [
    { url = "https://files.pythonhosted.org/packages/10/cb/f2ad4230dc2eb1a74edf38f1a38b9b52277f75bef262d8908e60d957e13c/blinker-1.9.0-py3-none-any.whl", hash = "sha256:ba0efaa9080b619ff2f3459d1d500c57bddea4a6b424b60a91141db6fd2f08bc", size = 8458, upload-time = "2024-11-08T17:25:46.184Z" },
]

[[package]]
name = "click"
version = "8.3.3"
source = { registry = "https://pypi.org/simple" }
dependencies = [
    { name = "colorama", marker = "sys_platform == 'win32'" },
]
sdist = { url = "https://files.pythonhosted.org/packages/bb/63/f9e1ea081ce35720d8b92acde70daaedace594dc93b693c869e0d5910718/click-8.3.3.tar.gz", hash = "sha256:398329ad4837b2ff7cbe1dd166a4c0f8900c3ca3a218de04466f38f6497f18a2", size = 328061, upload-time = "2026-04-22T15:11:27.506Z" }
wheels = [
    { url = "https://files.pythonhosted.org/packages/ae/44/c1221527f6a71a01ec6fbad7fa78f1d50dfa02217385cf0fa3eec7087d59/click-8.3.3-py3-none-any.whl", hash = "sha256:a2bf429bb3033c89fa4936ffb35d5cb471e3719e1f3c8a7c3fff0b8314305613", size = 110502, upload-time = "2026-04-22T15:11:25.044Z" },
]

[[package]]
name = "colorama"
version = "0.4.6"
source = { registry = "https://pypi.org/simple" }
sdist = { url = "https://files.pythonhosted.org/packages/d8/53/6f443c9a4a8358a93a6792e2acffb9d9d5cb0a5cfd8802644b7b1c9a02e4/colorama-0.4.6.tar.gz", hash = "sha256:08695f5cb7ed6e0531a20572697297273c47b8cae5a63ffc6d6ed5c201be6e44", size = 27697, upload-time = "2022-10-25T02:36:22.414Z" }
wheels = [
    { url = "https://files.pythonhosted.org/packages/d1/d6/3965ed04c63042e047cb6a3e6ed1a63a35087b6a609aa3a15ed8ac56c221/colorama-0.4.6-py2.py3-none-any.whl", hash = "sha256:4f1d9991f5acc0ca119f9d443620b77f9d6b33703e51011c16baf57afb285fc6", size = 25335, upload-time = "2022-10-25T02:36:20.889Z" },
]

[[package]]
name = "daily-todo"
version = "0.1.0"
source = { virtual = "." }
dependencies = [
    { name = "arabic-reshaper" },
    { name = "flask" },
    { name = "jdatetime" },
    { name = "python-bidi" },
]

[package.metadata]
requires-dist = [
    { name = "arabic-reshaper", specifier = ">=3.0.1" },
    { name = "flask", specifier = ">=3.1.3" },
    { name = "jdatetime", specifier = ">=5.2.0" },
    { name = "python-bidi", specifier = ">=0.6.9" },
]

[[package]]
name = "flask"
version = "3.1.3"
source = { registry = "https://pypi.org/simple" }
dependencies = [
    { name = "blinker" },
    { name = "click" },
    { name = "itsdangerous" },
    { name = "jinja2" },
    { name = "markupsafe" },
    { name = "werkzeug" },
]
sdist = { url = "https://files.pythonhosted.org/packages/26/00/35d85dcce6c57fdc871f3867d465d780f302a175ea360f62533f12b27e2b/flask-3.1.3.tar.gz", hash = "sha256:0ef0e52b8a9cd932855379197dd8f94047b359ca0a78695144304cb45f87c9eb", size = 759004, upload-time = "2026-02-19T05:00:57.678Z" }
wheels = [
    { url = "https://files.pythonhosted.org/packages/7f/9c/34f6962f9b9e9c71f6e5ed806e0d0ff03c9d1b0b2340088a0cf4bce09b18/flask-3.1.3-py3-none-any.whl", hash = "sha256:f4bcbefc124291925f1a26446da31a5178f9483862233b23c0c96a20701f670c", size = 103424, upload-time = "2026-02-19T05:00:56.027Z" },
]

[[package]]
name = "itsdangerous"
version = "2.2.0"
source = { registry = "https://pypi.org/simple" }
sdist = { url = "https://files.pythonhosted.org/packages/9c/cb/8ac0172223afbccb63986cc25049b154ecfb5e85932587206f42317be31d/itsdangerous-2.2.0.tar.gz", hash = "sha256:e0050c0b7da1eea53ffaf149c0cfbb5c6e2e2b69c4bef22c81fa6eb73e5f6173", size = 54410, upload-time = "2024-04-16T21:28:15.614Z" }
wheels = [
    { url = "https://files.pythonhosted.org/packages/04/96/92447566d16df59b2a776c0fb82dbc4d9e07cd95062562af01e408583fc4/itsdangerous-2.2.0-py3-none-any.whl", hash = "sha256:c6242fc49e35958c8b15141343aa660db5fc54d4f13a1db01a3f5891b98700ef", size = 16234, upload-time = "2024-04-16T21:28:14.499Z" },
]

[[package]]
name = "jalali-core"
version = "1.0.0"
source = { registry = "https://pypi.org/simple" }
sdist = { url = "https://files.pythonhosted.org/packages/2b/3c/21e32e3444c572174a5d774643eb2aa8ab60ef68b99a4c3585a0a11428b4/jalali_core-1.0.0.tar.gz", hash = "sha256:f4287c70c630323dcf0a3ab26df905ba4d451e230ac1f65b3bb2f77797894a2b", size = 2752, upload-time = "2024-03-25T09:36:14.934Z" }
wheels = [
    { url = "https://files.pythonhosted.org/packages/f6/20/a4e942f9685df720a106da292e29a53212b27903749cc563b86b612b113e/jalali_core-1.0.0-py3-none-any.whl", hash = "sha256:84e6f5090eadfb35234f24fad084be831d00da3c0b238ee001e8a1fd49bf7924", size = 3616, upload-time = "2024-03-25T09:36:13.133Z" },
]

[[package]]
name = "jdatetime"
version = "5.2.0"
source = { registry = "https://pypi.org/simple" }
dependencies = [
    { name = "jalali-core" },
]
sdist = { url = "https://files.pythonhosted.org/packages/6e/9d/5ed59c36f3cbc68c01fab6442e6efb6d35a484ba4eec4f790264fce39f6c/jdatetime-5.2.0.tar.gz", hash = "sha256:c81d5898717b82b609a3ce2a73f8b8d3230b0c757e5c0de9d6b1acfdc224f551", size = 21663, upload-time = "2025-01-26T09:29:16.802Z" }
wheels = [
    { url = "https://files.pythonhosted.org/packages/16/39/0dd2676d08468692606645db5ea40091290dc20747ff59636c21c0567d3c/jdatetime-5.2.0-py3-none-any.whl", hash = "sha256:d4aa73543e4e6c0e6122b58743773168edee5efe5c5acf05d1dc8c90524ca71c", size = 12199, upload-time = "2025-01-26T09:29:15.038Z" },
]

[[package]]
name = "jinja2"
version = "3.1.6"
source = { registry = "https://pypi.org/simple" }
dependencies = [
    { name = "markupsafe" },
]
sdist = { url = "https://files.pythonhosted.org/packages/df/bf/f7da0350254c0ed7c72f3e33cef02e048281fec7ecec5f032d4aac52226b/jinja2-3.1.6.tar.gz", hash = "sha256:0137fb05990d35f1275a587e9aee6d56da821fc83491a0fb838183be43f66d6d", size = 245115, upload-time = "2025-03-05T20:05:02.478Z" }
wheels = [
    { url = "https://files.pythonhosted.org/packages/62/a1/3d680cbfd5f4b8f15abc1d571870c5fc3e594bb582bc3b64ea099db13e56/jinja2-3.1.6-py3-none-any.whl", hash = "sha256:85ece4451f492d0c13c5dd7c13a64681a86afae63a5f347908daf103ce6d2f67", size = 134899, upload-time = "2025-03-05T20:05:00.369Z" },
]

[[package]]
name = "markupsafe"
version = "3.0.3"
source = { registry = "https://pypi.org/simple" }
sdist = { url = "https://files.pythonhosted.org/packages/7e/99/7690b6d4034fffd95959cbe0c02de8deb3098cc577c67bb6a24fe5d7caa7/markupsafe-3.0.3.tar.gz", hash = "sha256:722695808f4b6457b320fdc131280796bdceb04ab50fe1795cd540799ebe1698", size = 80313, upload-time = "2025-09-27T18:37:40.426Z" }
wheels = [
    { url = "https://files.pythonhosted.org/packages/5a/72/147da192e38635ada20e0a2e1a51cf8823d2119ce8883f7053879c2199b5/markupsafe-3.0.3-cp312-cp312-macosx_10_13_x86_64.whl", hash = "sha256:d53197da72cc091b024dd97249dfc7794d6a56530370992a5e1a08983ad9230e", size = 11615, upload-time = "2025-09-27T18:36:30.854Z" },
    { url = "https://files.pythonhosted.org/packages/9a/81/7e4e08678a1f98521201c3079f77db69fb552acd56067661f8c2f534a718/markupsafe-3.0.3-cp312-cp312-macosx_11_0_arm64.whl", hash = "sha256:1872df69a4de6aead3491198eaf13810b565bdbeec3ae2dc8780f14458ec73ce", size = 12020, upload-time = "2025-09-27T18:36:31.971Z" },
    { url = "https://files.pythonhosted.org/packages/1e/2c/799f4742efc39633a1b54a92eec4082e4f815314869865d876824c257c1e/markupsafe-3.0.3-cp312-cp312-manylinux2014_aarch64.manylinux_2_17_aarch64.manylinux_2_28_aarch64.whl", hash = "sha256:3a7e8ae81ae39e62a41ec302f972ba6ae23a5c5396c8e60113e9066ef893da0d", size = 24332, upload-time = "2025-09-27T18:36:32.813Z" },
    { url = "https://files.pythonhosted.org/packages/3c/2e/8d0c2ab90a8c1d9a24f0399058ab8519a3279d1bd4289511d74e909f060e/markupsafe-3.0.3-cp312-cp312-manylinux2014_x86_64.manylinux_2_17_x86_64.manylinux_2_28_x86_64.whl", hash = "sha256:d6dd0be5b5b189d31db7cda48b91d7e0a9795f31430b7f271219ab30f1d3ac9d", size = 22947, upload-time = "2025-09-27T18:36:33.86Z" },
    { url = "https://files.pythonhosted.org/packages/2c/54/887f3092a85238093a0b2154bd629c89444f395618842e8b0c41783898ea/markupsafe-3.0.3-cp312-cp312-manylinux_2_31_riscv64.manylinux_2_39_riscv64.whl", hash = "sha256:94c6f0bb423f739146aec64595853541634bde58b2135f27f61c1ffd1cd4d16a", size = 21962, upload-time = "2025-09-27T18:36:35.099Z" },
    { url = "https://files.pythonhosted.org/packages/c9/2f/336b8c7b6f4a4d95e91119dc8521402461b74a485558d8f238a68312f11c/markupsafe-3.0.3-cp312-cp312-musllinux_1_2_aarch64.whl", hash = "sha256:be8813b57049a7dc738189df53d69395eba14fb99345e0a5994914a3864c8a4b", size = 23760, upload-time = "2025-09-27T18:36:36.001Z" },
    { url = "https://files.pythonhosted.org/packages/32/43/67935f2b7e4982ffb50a4d169b724d74b62a3964bc1a9a527f5ac4f1ee2b/markupsafe-3.0.3-cp312-cp312-musllinux_1_2_riscv64.whl", hash = "sha256:83891d0e9fb81a825d9a6d61e3f07550ca70a076484292a70fde82c4b807286f", size = 21529, upload-time = "2025-09-27T18:36:36.906Z" },
    { url = "https://files.pythonhosted.org/packages/89/e0/4486f11e51bbba8b0c041098859e869e304d1c261e59244baa3d295d47b7/markupsafe-3.0.3-cp312-cp312-musllinux_1_2_x86_64.whl", hash = "sha256:77f0643abe7495da77fb436f50f8dab76dbc6e5fd25d39589a0f1fe6548bfa2b", size = 23015, upload-time = "2025-09-27T18:36:37.868Z" },
    { url = "https://files.pythonhosted.org/packages/2f/e1/78ee7a023dac597a5825441ebd17170785a9dab23de95d2c7508ade94e0e/markupsafe-3.0.3-cp312-cp312-win32.whl", hash = "sha256:d88b440e37a16e651bda4c7c2b930eb586fd15ca7406cb39e211fcff3bf3017d", size = 14540, upload-time = "2025-09-27T18:36:38.761Z" },
    { url = "https://files.pythonhosted.org/packages/aa/5b/bec5aa9bbbb2c946ca2733ef9c4ca91c91b6a24580193e891b5f7dbe8e1e/markupsafe-3.0.3-cp312-cp312-win_amd64.whl", hash = "sha256:26a5784ded40c9e318cfc2bdb30fe164bdb8665ded9cd64d500a34fb42067b1c", size = 15105, upload-time = "2025-09-27T18:36:39.701Z" },
    { url = "https://files.pythonhosted.org/packages/e5/f1/216fc1bbfd74011693a4fd837e7026152e89c4bcf3e77b6692fba9923123/markupsafe-3.0.3-cp312-cp312-win_arm64.whl", hash = "sha256:35add3b638a5d900e807944a078b51922212fb3dedb01633a8defc4b01a3c85f", size = 13906, upload-time = "2025-09-27T18:36:40.689Z" },
    { url = "https://files.pythonhosted.org/packages/38/2f/907b9c7bbba283e68f20259574b13d005c121a0fa4c175f9bed27c4597ff/markupsafe-3.0.3-cp313-cp313-macosx_10_13_x86_64.whl", hash = "sha256:e1cf1972137e83c5d4c136c43ced9ac51d0e124706ee1c8aa8532c1287fa8795", size = 11622, upload-time = "2025-09-27T18:36:41.777Z" },
    { url = "https://files.pythonhosted.org/packages/9c/d9/5f7756922cdd676869eca1c4e3c0cd0df60ed30199ffd775e319089cb3ed/markupsafe-3.0.3-cp313-cp313-macosx_11_0_arm64.whl", hash = "sha256:116bb52f642a37c115f517494ea5feb03889e04df47eeff5b130b1808ce7c219", size = 12029, upload-time = "2025-09-27T18:36:43.257Z" },
    { url = "https://files.pythonhosted.org/packages/00/07/575a68c754943058c78f30db02ee03a64b3c638586fba6a6dd56830b30a3/markupsafe-3.0.3-cp313-cp313-manylinux2014_aarch64.manylinux_2_17_aarch64.manylinux_2_28_aarch64.whl", hash = "sha256:133a43e73a802c5562be9bbcd03d090aa5a1fe899db609c29e8c8d815c5f6de6", size = 24374, upload-time = "2025-09-27T18:36:44.508Z" },
    { url = "https://files.pythonhosted.org/packages/a9/21/9b05698b46f218fc0e118e1f8168395c65c8a2c750ae2bab54fc4bd4e0e8/markupsafe-3.0.3-cp313-cp313-manylinux2014_x86_64.manylinux_2_17_x86_64.manylinux_2_28_x86_64.whl", hash = "sha256:ccfcd093f13f0f0b7fdd0f198b90053bf7b2f02a3927a30e63f3ccc9df56b676", size = 22980, upload-time = "2025-09-27T18:36:45.385Z" },
    { url = "https://files.pythonhosted.org/packages/7f/71/544260864f893f18b6827315b988c146b559391e6e7e8f7252839b1b846a/markupsafe-3.0.3-cp313-cp313-manylinux_2_31_riscv64.manylinux_2_39_riscv64.whl", hash = "sha256:509fa21c6deb7a7a273d629cf5ec029bc209d1a51178615ddf718f5918992ab9", size = 21990, upload-time = "2025-09-27T18:36:46.916Z" },
    { url = "https://files.pythonhosted.org/packages/c2/28/b50fc2f74d1ad761af2f5dcce7492648b983d00a65b8c0e0cb457c82ebbe/markupsafe-3.0.3-cp313-cp313-musllinux_1_2_aarch64.whl", hash = "sha256:a4afe79fb3de0b7097d81da19090f4df4f8d3a2b3adaa8764138aac2e44f3af1", size = 23784, upload-time = "2025-09-27T18:36:47.884Z" },
    { url = "https://files.pythonhosted.org/packages/ed/76/104b2aa106a208da8b17a2fb72e033a5a9d7073c68f7e508b94916ed47a9/markupsafe-3.0.3-cp313-cp313-musllinux_1_2_riscv64.whl", hash = "sha256:795e7751525cae078558e679d646ae45574b47ed6e7771863fcc079a6171a0fc", size = 21588, upload-time = "2025-09-27T18:36:48.82Z" },
    { url = "https://files.pythonhosted.org/packages/b5/99/16a5eb2d140087ebd97180d95249b00a03aa87e29cc224056274f2e45fd6/markupsafe-3.0.3-cp313-cp313-musllinux_1_2_x86_64.whl", hash = "sha256:8485f406a96febb5140bfeca44a73e3ce5116b2501ac54fe953e488fb1d03b12", size = 23041, upload-time = "2025-09-27T18:36:49.797Z" },
    { url = "https://files.pythonhosted.org/packages/19/bc/e7140ed90c5d61d77cea142eed9f9c303f4c4806f60a1044c13e3f1471d0/markupsafe-3.0.3-cp313-cp313-win32.whl", hash = "sha256:bdd37121970bfd8be76c5fb069c7751683bdf373db1ed6c010162b2a130248ed", size = 14543, upload-time = "2025-09-27T18:36:51.584Z" },
    { url = "https://files.pythonhosted.org/packages/05/73/c4abe620b841b6b791f2edc248f556900667a5a1cf023a6646967ae98335/markupsafe-3.0.3-cp313-cp313-win_amd64.whl", hash = "sha256:9a1abfdc021a164803f4d485104931fb8f8c1efd55bc6b748d2f5774e78b62c5", size = 15113, upload-time = "2025-09-27T18:36:52.537Z" },
    { url = "https://files.pythonhosted.org/packages/f0/3a/fa34a0f7cfef23cf9500d68cb7c32dd64ffd58a12b09225fb03dd37d5b80/markupsafe-3.0.3-cp313-cp313-win_arm64.whl", hash = "sha256:7e68f88e5b8799aa49c85cd116c932a1ac15caaa3f5db09087854d218359e485", size = 13911, upload-time = "2025-09-27T18:36:53.513Z" },
    { url = "https://files.pythonhosted.org/packages/e4/d7/e05cd7efe43a88a17a37b3ae96e79a19e846f3f456fe79c57ca61356ef01/markupsafe-3.0.3-cp313-cp313t-macosx_10_13_x86_64.whl", hash = "sha256:218551f6df4868a8d527e3062d0fb968682fe92054e89978594c28e642c43a73", size = 11658, upload-time = "2025-09-27T18:36:54.819Z" },
    { url = "https://files.pythonhosted.org/packages/99/9e/e412117548182ce2148bdeacdda3bb494260c0b0184360fe0d56389b523b/markupsafe-3.0.3-cp313-cp313t-macosx_11_0_arm64.whl", hash = "sha256:3524b778fe5cfb3452a09d31e7b5adefeea8c5be1d43c4f810ba09f2ceb29d37", size = 12066, upload-time = "2025-09-27T18:36:55.714Z" },
    { url = "https://files.pythonhosted.org/packages/bc/e6/fa0ffcda717ef64a5108eaa7b4f5ed28d56122c9a6d70ab8b72f9f715c80/markupsafe-3.0.3-cp313-cp313t-manylinux2014_aarch64.manylinux_2_17_aarch64.manylinux_2_28_aarch64.whl", hash = "sha256:4e885a3d1efa2eadc93c894a21770e4bc67899e3543680313b09f139e149ab19", size = 25639, upload-time = "2025-09-27T18:36:56.908Z" },
    { url = "https://files.pythonhosted.org/packages/96/ec/2102e881fe9d25fc16cb4b25d5f5cde50970967ffa5dddafdb771237062d/markupsafe-3.0.3-cp313-cp313t-manylinux2014_x86_64.manylinux_2_17_x86_64.manylinux_2_28_x86_64.whl", hash = "sha256:8709b08f4a89aa7586de0aadc8da56180242ee0ada3999749b183aa23df95025", size = 23569, upload-time = "2025-09-27T18:36:57.913Z" },
    { url = "https://files.pythonhosted.org/packages/4b/30/6f2fce1f1f205fc9323255b216ca8a235b15860c34b6798f810f05828e32/markupsafe-3.0.3-cp313-cp313t-manylinux_2_31_riscv64.manylinux_2_39_riscv64.whl", hash = "sha256:b8512a91625c9b3da6f127803b166b629725e68af71f8184ae7e7d54686a56d6", size = 23284, upload-time = "2025-09-27T18:36:58.833Z" },
    { url = "https://files.pythonhosted.org/packages/58/47/4a0ccea4ab9f5dcb6f79c0236d954acb382202721e704223a8aafa38b5c8/markupsafe-3.0.3-cp313-cp313t-musllinux_1_2_aarch64.whl", hash = "sha256:9b79b7a16f7fedff2495d684f2b59b0457c3b493778c9eed31111be64d58279f", size = 24801, upload-time = "2025-09-27T18:36:59.739Z" },
    { url = "https://files.pythonhosted.org/packages/6a/70/3780e9b72180b6fecb83a4814d84c3bf4b4ae4bf0b19c27196104149734c/markupsafe-3.0.3-cp313-cp313t-musllinux_1_2_riscv64.whl", hash = "sha256:12c63dfb4a98206f045aa9563db46507995f7ef6d83b2f68eda65c307c6829eb", size = 22769, upload-time = "2025-09-27T18:37:00.719Z" },
    { url = "https://files.pythonhosted.org/packages/98/c5/c03c7f4125180fc215220c035beac6b9cb684bc7a067c84fc69414d315f5/markupsafe-3.0.3-cp313-cp313t-musllinux_1_2_x86_64.whl", hash = "sha256:8f71bc33915be5186016f675cd83a1e08523649b0e33efdb898db577ef5bb009", size = 23642, upload-time = "2025-09-27T18:37:01.673Z" },
    { url = "https://files.pythonhosted.org/packages/80/d6/2d1b89f6ca4bff1036499b1e29a1d02d282259f3681540e16563f27ebc23/markupsafe-3.0.3-cp313-cp313t-win32.whl", hash = "sha256:69c0b73548bc525c8cb9a251cddf1931d1db4d2258e9599c28c07ef3580ef354", size = 14612, upload-time = "2025-09-27T18:37:02.639Z" },
    { url = "https://files.pythonhosted.org/packages/2b/98/e48a4bfba0a0ffcf9925fe2d69240bfaa19c6f7507b8cd09c70684a53c1e/markupsafe-3.0.3-cp313-cp313t-win_amd64.whl", hash = "sha256:1b4b79e8ebf6b55351f0d91fe80f893b4743f104bff22e90697db1590e47a218", size = 15200, upload-time = "2025-09-27T18:37:03.582Z" },
    { url = "https://files.pythonhosted.org/packages/0e/72/e3cc540f351f316e9ed0f092757459afbc595824ca724cbc5a5d4263713f/markupsafe-3.0.3-cp313-cp313t-win_arm64.whl", hash = "sha256:ad2cf8aa28b8c020ab2fc8287b0f823d0a7d8630784c31e9ee5edea20f406287", size = 13973, upload-time = "2025-09-27T18:37:04.929Z" },
    { url = "https://files.pythonhosted.org/packages/33/8a/8e42d4838cd89b7dde187011e97fe6c3af66d8c044997d2183fbd6d31352/markupsafe-3.0.3-cp314-cp314-macosx_10_13_x86_64.whl", hash = "sha256:eaa9599de571d72e2daf60164784109f19978b327a3910d3e9de8c97b5b70cfe", size = 11619, upload-time = "2025-09-27T18:37:06.342Z" },
    { url = "https://files.pythonhosted.org/packages/b5/64/7660f8a4a8e53c924d0fa05dc3a55c9cee10bbd82b11c5afb27d44b096ce/markupsafe-3.0.3-cp314-cp314-macosx_11_0_arm64.whl", hash = "sha256:c47a551199eb8eb2121d4f0f15ae0f923d31350ab9280078d1e5f12b249e0026", size = 12029, upload-time = "2025-09-27T18:37:07.213Z" },
    { url = "https://files.pythonhosted.org/packages/da/ef/e648bfd021127bef5fa12e1720ffed0c6cbb8310c8d9bea7266337ff06de/markupsafe-3.0.3-cp314-cp314-manylinux2014_aarch64.manylinux_2_17_aarch64.manylinux_2_28_aarch64.whl", hash = "sha256:f34c41761022dd093b4b6896d4810782ffbabe30f2d443ff5f083e0cbbb8c737", size = 24408, upload-time = "2025-09-27T18:37:09.572Z" },
    { url = "https://files.pythonhosted.org/packages/41/3c/a36c2450754618e62008bf7435ccb0f88053e07592e6028a34776213d877/markupsafe-3.0.3-cp314-cp314-manylinux2014_x86_64.manylinux_2_17_x86_64.manylinux_2_28_x86_64.whl", hash = "sha256:457a69a9577064c05a97c41f4e65148652db078a3a509039e64d3467b9e7ef97", size = 23005, upload-time = "2025-09-27T18:37:10.58Z" },
    { url = "https://files.pythonhosted.org/packages/bc/20/b7fdf89a8456b099837cd1dc21974632a02a999ec9bf7ca3e490aacd98e7/markupsafe-3.0.3-cp314-cp314-manylinux_2_31_riscv64.manylinux_2_39_riscv64.whl", hash = "sha256:e8afc3f2ccfa24215f8cb28dcf43f0113ac3c37c2f0f0806d8c70e4228c5cf4d", size = 22048, upload-time = "2025-09-27T18:37:11.547Z" },
    { url = "https://files.pythonhosted.org/packages/9a/a7/591f592afdc734f47db08a75793a55d7fbcc6902a723ae4cfbab61010cc5/markupsafe-3.0.3-cp314-cp314-musllinux_1_2_aarch64.whl", hash = "sha256:ec15a59cf5af7be74194f7ab02d0f59a62bdcf1a537677ce67a2537c9b87fcda", size = 23821, upload-time = "2025-09-27T18:37:12.48Z" },
    { url = "https://files.pythonhosted.org/packages/7d/33/45b24e4f44195b26521bc6f1a82197118f74df348556594bd2262bda1038/markupsafe-3.0.3-cp314-cp314-musllinux_1_2_riscv64.whl", hash = "sha256:0eb9ff8191e8498cca014656ae6b8d61f39da5f95b488805da4bb029cccbfbaf", size = 21606, upload-time = "2025-09-27T18:37:13.485Z" },
    { url = "https://files.pythonhosted.org/packages/ff/0e/53dfaca23a69fbfbbf17a4b64072090e70717344c52eaaaa9c5ddff1e5f0/markupsafe-3.0.3-cp314-cp314-musllinux_1_2_x86_64.whl", hash = "sha256:2713baf880df847f2bece4230d4d094280f4e67b1e813eec43b4c0e144a34ffe", size = 23043, upload-time = "2025-09-27T18:37:14.408Z" },
    { url = "https://files.pythonhosted.org/packages/46/11/f333a06fc16236d5238bfe74daccbca41459dcd8d1fa952e8fbd5dccfb70/markupsafe-3.0.3-cp314-cp314-win32.whl", hash = "sha256:729586769a26dbceff69f7a7dbbf59ab6572b99d94576a5592625d5b411576b9", size = 14747, upload-time = "2025-09-27T18:37:15.36Z" },
    { url = "https://files.pythonhosted.org/packages/28/52/182836104b33b444e400b14f797212f720cbc9ed6ba34c800639d154e821/markupsafe-3.0.3-cp314-cp314-win_amd64.whl", hash = "sha256:bdc919ead48f234740ad807933cdf545180bfbe9342c2bb451556db2ed958581", size = 15341, upload-time = "2025-09-27T18:37:16.496Z" },
    { url = "https://files.pythonhosted.org/packages/6f/18/acf23e91bd94fd7b3031558b1f013adfa21a8e407a3fdb32745538730382/markupsafe-3.0.3-cp314-cp314-win_arm64.whl", hash = "sha256:5a7d5dc5140555cf21a6fefbdbf8723f06fcd2f63ef108f2854de715e4422cb4", size = 14073, upload-time = "2025-09-27T18:37:17.476Z" },
    { url = "https://files.pythonhosted.org/packages/3c/f0/57689aa4076e1b43b15fdfa646b04653969d50cf30c32a102762be2485da/markupsafe-3.0.3-cp314-cp314t-macosx_10_13_x86_64.whl", hash = "sha256:1353ef0c1b138e1907ae78e2f6c63ff67501122006b0f9abad68fda5f4ffc6ab", size = 11661, upload-time = "2025-09-27T18:37:18.453Z" },
    { url = "https://files.pythonhosted.org/packages/89/c3/2e67a7ca217c6912985ec766c6393b636fb0c2344443ff9d91404dc4c79f/markupsafe-3.0.3-cp314-cp314t-macosx_11_0_arm64.whl", hash = "sha256:1085e7fbddd3be5f89cc898938f42c0b3c711fdcb37d75221de2666af647c175", size = 12069, upload-time = "2025-09-27T18:37:19.332Z" },
    { url = "https://files.pythonhosted.org/packages/f0/00/be561dce4e6ca66b15276e184ce4b8aec61fe83662cce2f7d72bd3249d28/markupsafe-3.0.3-cp314-cp314t-manylinux2014_aarch64.manylinux_2_17_aarch64.manylinux_2_28_aarch64.whl", hash = "sha256:1b52b4fb9df4eb9ae465f8d0c228a00624de2334f216f178a995ccdcf82c4634", size = 25670, upload-time = "2025-09-27T18:37:20.245Z" },
    { url = "https://files.pythonhosted.org/packages/50/09/c419f6f5a92e5fadde27efd190eca90f05e1261b10dbd8cbcb39cd8ea1dc/markupsafe-3.0.3-cp314-cp314t-manylinux2014_x86_64.manylinux_2_17_x86_64.manylinux_2_28_x86_64.whl", hash = "sha256:fed51ac40f757d41b7c48425901843666a6677e3e8eb0abcff09e4ba6e664f50", size = 23598, upload-time = "2025-09-27T18:37:21.177Z" },
    { url = "https://files.pythonhosted.org/packages/22/44/a0681611106e0b2921b3033fc19bc53323e0b50bc70cffdd19f7d679bb66/markupsafe-3.0.3-cp314-cp314t-manylinux_2_31_riscv64.manylinux_2_39_riscv64.whl", hash = "sha256:f190daf01f13c72eac4efd5c430a8de82489d9cff23c364c3ea822545032993e", size = 23261, upload-time = "2025-09-27T18:37:22.167Z" },
    { url = "https://files.pythonhosted.org/packages/5f/57/1b0b3f100259dc9fffe780cfb60d4be71375510e435efec3d116b6436d43/markupsafe-3.0.3-cp314-cp314t-musllinux_1_2_aarch64.whl", hash = "sha256:e56b7d45a839a697b5eb268c82a71bd8c7f6c94d6fd50c3d577fa39a9f1409f5", size = 24835, upload-time = "2025-09-27T18:37:23.296Z" },
    { url = "https://files.pythonhosted.org/packages/26/6a/4bf6d0c97c4920f1597cc14dd720705eca0bf7c787aebc6bb4d1bead5388/markupsafe-3.0.3-cp314-cp314t-musllinux_1_2_riscv64.whl", hash = "sha256:f3e98bb3798ead92273dc0e5fd0f31ade220f59a266ffd8a4f6065e0a3ce0523", size = 22733, upload-time = "2025-09-27T18:37:24.237Z" },
    { url = "https://files.pythonhosted.org/packages/14/c7/ca723101509b518797fedc2fdf79ba57f886b4aca8a7d31857ba3ee8281f/markupsafe-3.0.3-cp314-cp314t-musllinux_1_2_x86_64.whl", hash = "sha256:5678211cb9333a6468fb8d8be0305520aa073f50d17f089b5b4b477ea6e67fdc", size = 23672, upload-time = "2025-09-27T18:37:25.271Z" },
    { url = "https://files.pythonhosted.org/packages/fb/df/5bd7a48c256faecd1d36edc13133e51397e41b73bb77e1a69deab746ebac/markupsafe-3.0.3-cp314-cp314t-win32.whl", hash = "sha256:915c04ba3851909ce68ccc2b8e2cd691618c4dc4c4232fb7982bca3f41fd8c3d", size = 14819, upload-time = "2025-09-27T18:37:26.285Z" },
    { url = "https://files.pythonhosted.org/packages/1a/8a/0402ba61a2f16038b48b39bccca271134be00c5c9f0f623208399333c448/markupsafe-3.0.3-cp314-cp314t-win_amd64.whl", hash = "sha256:4faffd047e07c38848ce017e8725090413cd80cbc23d86e55c587bf979e579c9", size = 15426, upload-time = "2025-09-27T18:37:27.316Z" },
    { url = "https://files.pythonhosted.org/packages/70/bc/6f1c2f612465f5fa89b95bead1f44dcb607670fd42891d8fdcd5d039f4f4/markupsafe-3.0.3-cp314-cp314t-win_arm64.whl", hash = "sha256:32001d6a8fc98c8cb5c947787c5d08b0a50663d139f1305bac5885d98d9b40fa", size = 14146, upload-time = "2025-09-27T18:37:28.327Z" },
]

[[package]]
name = "python-bidi"
version = "0.6.9"
source = { registry = "https://pypi.org/simple" }
sdist = { url = "https://files.pythonhosted.org/packages/3c/0c/c73042d7ae043f4e3ff51406821ad70904249708a6bc4f0dc94f5f78ce9b/python_bidi-0.6.9.tar.gz", hash = "sha256:001c1769893fd859216b0dc39dd4679c7260bf292c3637b727a928402a254322", size = 57902, upload-time = "2026-05-05T11:11:56.74Z" }
wheels = [
    { url = "https://files.pythonhosted.org/packages/08/76/e7b219ed08972ffc4a1ab5c9dba7e53f66c67e691190e138d3a15c9b4822/python_bidi-0.6.9-cp312-cp312-macosx_10_12_x86_64.whl", hash = "sha256:ec7b9b08ab8582c6e582f9be312c6ec53843ae1026cceda8257e83e14f92d015", size = 270539, upload-time = "2026-05-05T11:10:53.476Z" },
    { url = "https://files.pythonhosted.org/packages/84/f4/71edc1cb73c2c9437ecc685d5958c9e897376e9b0e6de4c3e7f448b9d3e7/python_bidi-0.6.9-cp312-cp312-macosx_11_0_arm64.whl", hash = "sha256:c59f8e5acd3aa1b0f5cc3aba68243c9501eb555d26c898fb11dac6890d63f5ac", size = 268974, upload-time = "2026-05-05T11:10:41.126Z" },
    { url = "https://files.pythonhosted.org/packages/20/24/f3b98eb936d45dd328bdd1650d62054a7176e7185269941a82939eea9309/python_bidi-0.6.9-cp312-cp312-manylinux_2_17_aarch64.manylinux2014_aarch64.whl", hash = "sha256:399fca7e980b22a34cd4bfab011f9af64dbec3f150b82030aa77f5e132473bf6", size = 295977, upload-time = "2026-05-05T11:09:26.064Z" },
    { url = "https://files.pythonhosted.org/packages/4c/28/a871547ed58e2d705d23b295bbc2881239dbc51767056e4dcb2ef5928222/python_bidi-0.6.9-cp312-cp312-manylinux_2_17_armv7l.manylinux2014_armv7l.whl", hash = "sha256:fd6986c606a3ff843a0307d2283c50a6150d374bddba5989f76e012ef1024253", size = 302410, upload-time = "2026-05-05T11:09:38.26Z" },
    { url = "https://files.pythonhosted.org/packages/4f/05/45d226f151a13e25f09a8a783582ca6584da3ddd4a08d8af0c223e0b3424/python_bidi-0.6.9-cp312-cp312-manylinux_2_17_ppc64le.manylinux2014_ppc64le.whl", hash = "sha256:c1a9d0b3b7b34f22e56cb3b8c0a8c985c3ebcb257f26d05c3c901cd2893ce68b", size = 415847, upload-time = "2026-05-05T11:09:50.572Z" },
    { url = "https://files.pythonhosted.org/packages/1b/e3/2bc7e8c5e71907b63b04e2aaeb542f8feb65ce2018fa0758d379ad2060ee/python_bidi-0.6.9-cp312-cp312-manylinux_2_17_s390x.manylinux2014_s390x.whl", hash = "sha256:8883917d0a402fc08317ce36b3ece81640d6623a29356d27f0e2a61165c8793b", size = 322653, upload-time = "2026-05-05T11:10:02.833Z" },
    { url = "https://files.pythonhosted.org/packages/3b/27/c89af8814a0f3e1fae8592f66fecdcca046e577f9cd8dd1267ac9ac6ccf9/python_bidi-0.6.9-cp312-cp312-manylinux_2_17_x86_64.manylinux2014_x86_64.whl", hash = "sha256:b3f13ef8a8af11ec549fc5d6cc7adf580794f052e5a53499d9104246005effe9", size = 299561, upload-time = "2026-05-05T11:10:28.364Z" },
    { url = "https://files.pythonhosted.org/packages/56/d3/0d19fbb8b18aa5dd38b432130fd08baf235e2131493147bc74f24f9c4298/python_bidi-0.6.9-cp312-cp312-manylinux_2_5_i686.manylinux1_i686.whl", hash = "sha256:788080701d2c326a202d251238d8dd6b0993e86ab4f230764a9500ddd536d08c", size = 317566, upload-time = "2026-05-05T11:10:16.544Z" },
    { url = "https://files.pythonhosted.org/packages/df/5c/40435d2869fa5384997ce0ea6f08c0c7c36049cdbde7e532bf9998140df2/python_bidi-0.6.9-cp312-cp312-musllinux_1_2_aarch64.whl", hash = "sha256:e35aad6b388bcd0161e57a0b6762f5f925519b57fc0a7a06c205581ce33b901d", size = 472482, upload-time = "2026-05-05T11:11:05.717Z" },
    { url = "https://files.pythonhosted.org/packages/31/a8/892b1ae78352b23c24ab664ed04f0a5f76f97aec4f09369dd272654416cf/python_bidi-0.6.9-cp312-cp312-musllinux_1_2_armv7l.whl", hash = "sha256:960b4be36090809c377fdcf863202e6313d23ff424d4be3eac4c1ffcda565ff4", size = 578071, upload-time = "2026-05-05T11:11:19.022Z" },
    { url = "https://files.pythonhosted.org/packages/d0/1f/82e93133802199e3207c64987cc4ed78c7392af466c69af591c5aae4ca36/python_bidi-0.6.9-cp312-cp312-musllinux_1_2_i686.whl", hash = "sha256:4bb0c2965f64497c3dfeb550dac82ffd814aeeec19f69214438c40f41bcd517f", size = 538253, upload-time = "2026-05-05T11:11:33.102Z" },
    { url = "https://files.pythonhosted.org/packages/2b/81/e69c32308247e942031124db14aa0c9ecf315c7ef153367d151c26cc5158/python_bidi-0.6.9-cp312-cp312-musllinux_1_2_x86_64.whl", hash = "sha256:f7a22759b6403984b6fb31e5f43f02b952b2093b669b475b214ff2ce7d8473f0", size = 504736, upload-time = "2026-05-05T11:11:46.672Z" },
    { url = "https://files.pythonhosted.org/packages/07/df/3e81335f417f8807e816b7b1e9cb3e6aa5f7b5cdde80b102487c8eec71e7/python_bidi-0.6.9-cp312-cp312-win32.whl", hash = "sha256:663e49dc49323e82b76009c60d33dd89ffa13920abd33f17e9de62d85b63af07", size = 160923, upload-time = "2026-05-05T11:12:08.48Z" },
    { url = "https://files.pythonhosted.org/packages/73/5c/b6cec5eef0a624f0a1923f8a9943b2022f2413f5d44285f834e9a79bb2bd/python_bidi-0.6.9-cp312-cp312-win_amd64.whl", hash = "sha256:66a4a9c7b8e92dd29c9e8abbc2e4e8632859eb20ec67778a1e212a9fa44bf3ff", size = 165339, upload-time = "2026-05-05T11:12:00.017Z" },
    { url = "https://files.pythonhosted.org/packages/f1/30/aaa97862d9c3ff6e64041c04922f2d359ba07a7896b2cb00ea7907286c94/python_bidi-0.6.9-cp313-cp313-macosx_10_12_x86_64.whl", hash = "sha256:f336f47260cdd6212e2b94b586675f0d07bbd0306bb1b0e7fee125ea2426dfd5", size = 270246, upload-time = "2026-05-05T11:10:54.579Z" },
    { url = "https://files.pythonhosted.org/packages/95/95/685e5a31f6c4cc24826d3a0df9e6a4bcf13d00f90d0c1f1060f13f5c16f8/python_bidi-0.6.9-cp313-cp313-macosx_11_0_arm64.whl", hash = "sha256:c3e4445f0fd1e2c16d3efdb28622a38f57ab4b971eb47803a334be477cee173e", size = 268816, upload-time = "2026-05-05T11:10:42.399Z" },
    { url = "https://files.pythonhosted.org/packages/47/0b/396387973b86ee9f7febae5d6dd0a3e4b5f3ca923f7dcc47f6e025e9f93e/python_bidi-0.6.9-cp313-cp313-manylinux_2_17_aarch64.manylinux2014_aarch64.whl", hash = "sha256:5d49f47f79828f7d9d395fb999da04e178fe40fa5b7ae1937c25564280b5e8db", size = 295863, upload-time = "2026-05-05T11:09:27.18Z" },
    { url = "https://files.pythonhosted.org/packages/88/32/405dc18859eacf80f3230d14d601cb9f30e7c1e01b6741e3ecff41a3fce3/python_bidi-0.6.9-cp313-cp313-manylinux_2_17_armv7l.manylinux2014_armv7l.whl", hash = "sha256:2c9621c8da0a2ab3c77b3099a52e3a8011728de05b07ded9b8a2b6f38610c183", size = 302003, upload-time = "2026-05-05T11:09:39.313Z" },
    { url = "https://files.pythonhosted.org/packages/31/48/44e5b8a1799842459f29fc26547e4b693f428c065578eb8cf7f4c12ada07/python_bidi-0.6.9-cp313-cp313-manylinux_2_17_ppc64le.manylinux2014_ppc64le.whl", hash = "sha256:c1c38c3aa509ace1d24a731a0c30049271865e460be7d53fae35254dc8bbe644", size = 415935, upload-time = "2026-05-05T11:09:52.101Z" },
    { url = "https://files.pythonhosted.org/packages/3f/8f/f7d5d99914b89c059936267ce79168745153eff9f444524dec6fde66e511/python_bidi-0.6.9-cp313-cp313-manylinux_2_17_s390x.manylinux2014_s390x.whl", hash = "sha256:2f21a1ad97d28d1e4fcc456a4394983d6f3b0c7f475c6adfcc9d0b7ca627c5b6", size = 322562, upload-time = "2026-05-05T11:10:04.17Z" },
    { url = "https://files.pythonhosted.org/packages/5a/38/f1efc72736fb39e75802efcb5e2ba8eb02c7ee3687940047234bc607e3a5/python_bidi-0.6.9-cp313-cp313-manylinux_2_17_x86_64.manylinux2014_x86_64.whl", hash = "sha256:6cf6941062f0589291a396b3d81636b7e35a99105098bc147c48e077c0fb4b45", size = 299187, upload-time = "2026-05-05T11:10:30.045Z" },
    { url = "https://files.pythonhosted.org/packages/14/50/8e429007f5846e4b9a35db0a68df2c92b5d9655abd4e5eaf22769692f2a9/python_bidi-0.6.9-cp313-cp313-manylinux_2_5_i686.manylinux1_i686.whl", hash = "sha256:6fe65275c327cbeb3d2d4c397244dfe17db3393847acfbdd0d4627b35d69fd00", size = 317084, upload-time = "2026-05-05T11:10:17.893Z" },
    { url = "https://files.pythonhosted.org/packages/de/94/f790894ddbaefb4b0ce17c7561f16d5c0dd2d8a3a15f8826c512f166bb02/python_bidi-0.6.9-cp313-cp313-musllinux_1_2_aarch64.whl", hash = "sha256:9eb549ad22a310e2bc01c6a65237d56bed74c0e63379284195e5a92fb5ec7dbc", size = 472446, upload-time = "2026-05-05T11:11:07.135Z" },
    { url = "https://files.pythonhosted.org/packages/0b/61/64afd8a95c0d4dc07fd87f4521b4604fc61023b64472bb99c6f1390233eb/python_bidi-0.6.9-cp313-cp313-musllinux_1_2_armv7l.whl", hash = "sha256:156ea1fd59f8bf4bc6a2b8c02af0d9fca2ddffd6a62397e13c1c31733f1d0714", size = 577600, upload-time = "2026-05-05T11:11:20.197Z" },
    { url = "https://files.pythonhosted.org/packages/dd/31/1b0b1cd5bd08b6790c243164ab798edcd8521b5ed8f2965a226cd874c199/python_bidi-0.6.9-cp313-cp313-musllinux_1_2_i686.whl", hash = "sha256:5776be58d35617ea68616aa074bb480d320a41424265e1c2e656a3730d3316b7", size = 537642, upload-time = "2026-05-05T11:11:34.685Z" },
    { url = "https://files.pythonhosted.org/packages/26/99/feb9d5c12999315123101ed715e9bc346de7609dbf4951c761d5cd3f5650/python_bidi-0.6.9-cp313-cp313-musllinux_1_2_x86_64.whl", hash = "sha256:a23442854115146d29dace54aaa755b50e3db477f716c2fd0091081b17ae9097", size = 504385, upload-time = "2026-05-05T11:11:48.013Z" },
    { url = "https://files.pythonhosted.org/packages/8f/f8/45440968c8fe090c7bad34bc6deb7b08c676a57292826a5b9e3c9a6985eb/python_bidi-0.6.9-cp313-cp313t-macosx_10_12_x86_64.whl", hash = "sha256:b12451efb895dd1ca4e5a106fb757185027cd8a73d799318699c2d48a60257b3", size = 269772, upload-time = "2026-05-05T11:10:55.916Z" },
    { url = "https://files.pythonhosted.org/packages/be/2a/443911ebc400d4002c79136724eb342ed51686914c9e9c1c032321699eeb/python_bidi-0.6.9-cp313-cp313t-macosx_11_0_arm64.whl", hash = "sha256:c947040fde79d3d0e0f3232207ddbd8b5fd708e58a92aaf30368c4cf0578a8a9", size = 268325, upload-time = "2026-05-05T11:10:43.687Z" },
    { url = "https://files.pythonhosted.org/packages/02/44/a01fd5178c4f739727c9c1af961eecad5cd74fe01fb4b8703bb5b2083088/python_bidi-0.6.9-cp313-cp313t-manylinux_2_17_aarch64.manylinux2014_aarch64.whl", hash = "sha256:f64f4c2f66195c22a69d104831680963eb306e41417975dca4ead70e4640343d", size = 295182, upload-time = "2026-05-05T11:09:28.459Z" },
    { url = "https://files.pythonhosted.org/packages/44/2c/222c4f3a833b7b8bd70d355f8ff1e721623452aa2c26e9624f6bb223b42e/python_bidi-0.6.9-cp313-cp313t-manylinux_2_17_armv7l.manylinux2014_armv7l.whl", hash = "sha256:355bbdb72a9ec8b1b2db8c935d674104f1d0c5897ab9957b45ff7425b18e08b8", size = 301838, upload-time = "2026-05-05T11:09:40.512Z" },
    { url = "https://files.pythonhosted.org/packages/6b/f8/c7ab4566fd9e43cfc487157794579f9c2929f9105d5ab6d0d0232ee6433c/python_bidi-0.6.9-cp313-cp313t-manylinux_2_17_ppc64le.manylinux2014_ppc64le.whl", hash = "sha256:18f1a7ec71e19fd7162b0a722ba6230f61a87215069e093cf985d175cbc2b60f", size = 415631, upload-time = "2026-05-05T11:09:53.077Z" },
    { url = "https://files.pythonhosted.org/packages/05/78/e39be197077323775ba0cc8f8e35ba4f88c008901b05d8d9e1f58984aad0/python_bidi-0.6.9-cp313-cp313t-manylinux_2_17_s390x.manylinux2014_s390x.whl", hash = "sha256:dc1f7405dda0fb7949b9d6319c589ff6bcda1a92125783e56079058c8c29293a", size = 321826, upload-time = "2026-05-05T11:10:05.179Z" },
    { url = "https://files.pythonhosted.org/packages/22/06/f3afe812b26b88ca338d82a6b4d9662ef0165f50f2b0cc80cad0d1dc97d7/python_bidi-0.6.9-cp313-cp313t-manylinux_2_17_x86_64.manylinux2014_x86_64.whl", hash = "sha256:0701081afd8fb1bea8acf7f8cfb44ef4a25b2d3116c8c3f67abebf9d31930196", size = 299478, upload-time = "2026-05-05T11:10:31.283Z" },
    { url = "https://files.pythonhosted.org/packages/8f/99/1670f6208d0e972522a217a35ac2e03fe4411b18b7fe04574b6e0aa9c7a0/python_bidi-0.6.9-cp313-cp313t-manylinux_2_5_i686.manylinux1_i686.whl", hash = "sha256:474aa2633125c003334e4d785e5a00bd296503279cd3497415544656bde00b48", size = 316983, upload-time = "2026-05-05T11:10:18.874Z" },
    { url = "https://files.pythonhosted.org/packages/5d/c7/922a712bfce401b902512d732c5493bdc0336943415c1c3d7ac23a4694f3/python_bidi-0.6.9-cp313-cp313t-musllinux_1_2_aarch64.whl", hash = "sha256:bb0517d9668d7c85dac2d815d597e8861bc8c0fbb1ed6e26e8b5e697f5a4e2ad", size = 471683, upload-time = "2026-05-05T11:11:08.255Z" },
    { url = "https://files.pythonhosted.org/packages/c8/24/415b42ddc9594a169ad635adb7e55e871b9a2be0eb0946b18c493deee0bc/python_bidi-0.6.9-cp313-cp313t-musllinux_1_2_armv7l.whl", hash = "sha256:a7b6f1d46e093025ba6b9025723086101458a5d0832144389eee2c94c1af0007", size = 577328, upload-time = "2026-05-05T11:11:21.498Z" },
    { url = "https://files.pythonhosted.org/packages/83/47/15cfa4ee132f06a1d40c71aaf202bfa8b3cb6e95f426b437c7d3596bb5ce/python_bidi-0.6.9-cp313-cp313t-musllinux_1_2_i686.whl", hash = "sha256:557b657a82c6e2a7abb8b1e27d9464fb6a45554d6a25ea7a745ab8f9052c7e9c", size = 537473, upload-time = "2026-05-05T11:11:35.862Z" },
    { url = "https://files.pythonhosted.org/packages/17/99/4fc5797df67f26ab4c08b6d00c0368bf1fb99bcab7c02094c16a009f566d/python_bidi-0.6.9-cp313-cp313t-musllinux_1_2_x86_64.whl", hash = "sha256:58ba120a32ca5271169ccd9bf012ccb5a66df228c23baa1bdf1f587fceb1d7dc", size = 504104, upload-time = "2026-05-05T11:11:49.221Z" },
    { url = "https://files.pythonhosted.org/packages/b8/43/44a5684bf349e563717ab761c3b8c27445fba83030de8c80e02c045969ee/python_bidi-0.6.9-cp313-cp313t-win32.whl", hash = "sha256:f150b022f138cade97584fd7c4f00ef17a472e862a6f0a01a571f64a020838ed", size = 160423, upload-time = "2026-05-05T11:12:09.684Z" },
    { url = "https://files.pythonhosted.org/packages/bc/e8/b7bda0902bd48f2725c87dcc167428084b46253561b6e13ee75dcde3e503/python_bidi-0.6.9-cp313-cp313t-win_amd64.whl", hash = "sha256:c3d0694a868818b294812bfc0c633f25bb8284736254c9a58db61f65944e83b8", size = 164871, upload-time = "2026-05-05T11:12:01.47Z" },
    { url = "https://files.pythonhosted.org/packages/59/cb/4076f5578cbab53d034fc6b53a12ffc944c9684dc3ea8fd03a566703dbad/python_bidi-0.6.9-cp314-cp314-macosx_10_12_x86_64.whl", hash = "sha256:dc0d9666b40af9c4c9b49a5f363c9920f925e9d37adb5adcc0ceacafa2ef706c", size = 270179, upload-time = "2026-05-05T11:10:56.962Z" },
    { url = "https://files.pythonhosted.org/packages/5d/30/f583e3a35a2b9304e06f50c1e86d3a6b48c488cd6caaa6c92b558c325ff1/python_bidi-0.6.9-cp314-cp314-macosx_11_0_arm64.whl", hash = "sha256:8210f937e7b5e1486c6397be8aea34013752c976a1b7333770cb3b3321dd2bf7", size = 268577, upload-time = "2026-05-05T11:10:45.198Z" },
    { url = "https://files.pythonhosted.org/packages/28/19/a9af8f3636d81bdf99a8cce7588f31a2c23da50d1b40c5d46bab1a82bfd9/python_bidi-0.6.9-cp314-cp314-manylinux_2_17_aarch64.manylinux2014_aarch64.whl", hash = "sha256:884dcad2f340a1332af32057cf14f4004b4cae4345eaf7e53de87f918a75cdff", size = 295413, upload-time = "2026-05-05T11:09:29.815Z" },
    { url = "https://files.pythonhosted.org/packages/9d/e6/a9092c5f0fc15a34adcf40cd385210cf3d85d359e09aa830c2012f8da679/python_bidi-0.6.9-cp314-cp314-manylinux_2_17_armv7l.manylinux2014_armv7l.whl", hash = "sha256:4db41d57a202bab30663a04bc32ab9226e2d92977bd158f4ca9622a77c3d1aa7", size = 301872, upload-time = "2026-05-05T11:09:41.604Z" },
    { url = "https://files.pythonhosted.org/packages/5d/5e/53b87c9b2d0553a30213628810390a9ac3d87b49984811e16c99b84bb61a/python_bidi-0.6.9-cp314-cp314-manylinux_2_17_ppc64le.manylinux2014_ppc64le.whl", hash = "sha256:8572215e4df139ce60e7b405a7986e9fff2144359d3f55d203d602e17a24e00a", size = 415165, upload-time = "2026-05-05T11:09:54.418Z" },
    { url = "https://files.pythonhosted.org/packages/f8/c6/33d4635f7c7b6fa274b5da8451fcab458f8598c6bf1385972ebf2d7b5991/python_bidi-0.6.9-cp314-cp314-manylinux_2_17_s390x.manylinux2014_s390x.whl", hash = "sha256:353ecae71b10a9771ae530ed43f7476ab99c45a12f5f6c63517edbf4dbe17a46", size = 322300, upload-time = "2026-05-05T11:10:06.661Z" },
    { url = "https://files.pythonhosted.org/packages/cc/b2/985f79677ec05a379905f78a7f5a685650b5054f3579221e38cac5694c10/python_bidi-0.6.9-cp314-cp314-manylinux_2_17_x86_64.manylinux2014_x86_64.whl", hash = "sha256:43f8cb29527a890a8e4bbe537c406ee31b83a4ea4198d431ffb9c1b15d57309b", size = 298653, upload-time = "2026-05-05T11:10:32.284Z" },
    { url = "https://files.pythonhosted.org/packages/3e/93/2d1be18a48dae0334ce0eedcd4cdd9af1283a61e7b6ac5b17ab05e95f4ad/python_bidi-0.6.9-cp314-cp314-manylinux_2_5_i686.manylinux1_i686.whl", hash = "sha256:e8631204986f083782e558ad0adb4684b4070307b0dd6e0dd5631586378755ed", size = 316828, upload-time = "2026-05-05T11:10:19.965Z" },
    { url = "https://files.pythonhosted.org/packages/1e/fe/5115ea63cdb8278bea7b18de6514d7f801271dd73f790a337c1130ba073b/python_bidi-0.6.9-cp314-cp314-musllinux_1_2_aarch64.whl", hash = "sha256:92faaceece4d33e5db69439dd11d9d285c41cbfb2eec743ae600eb9afd065687", size = 471918, upload-time = "2026-05-05T11:11:09.853Z" },
    { url = "https://files.pythonhosted.org/packages/a6/fa/3651b72d1cf0c122ff31878242ec84f3be98028e6581b84d28b69fd45aea/python_bidi-0.6.9-cp314-cp314-musllinux_1_2_armv7l.whl", hash = "sha256:73543aa758044f7eee4ca83cb691a298529d06099cf6563f107a49f0ff5b2816", size = 577548, upload-time = "2026-05-05T11:11:23.646Z" },
    { url = "https://files.pythonhosted.org/packages/60/16/6a6625a9e89444ff063fc2768125c7c4ce0134259500c4cb6d79ae8f6479/python_bidi-0.6.9-cp314-cp314-musllinux_1_2_i686.whl", hash = "sha256:2e7f1c83737642a8cbb3c3ca3821a56251737b38be4f016dfda74627418daf45", size = 537433, upload-time = "2026-05-05T11:11:37.316Z" },
    { url = "https://files.pythonhosted.org/packages/c2/9e/e0fbabd41d6f9d3ff84fb3f0df048164be6adb2c7b59295f70edcefe6983/python_bidi-0.6.9-cp314-cp314-musllinux_1_2_x86_64.whl", hash = "sha256:da2825d2d8aa9246c6c7295bac578b45c3bcc3ca7f3c7c6be24bb38624685887", size = 503987, upload-time = "2026-05-05T11:11:50.452Z" },
    { url = "https://files.pythonhosted.org/packages/a6/4b/0ffeb966f92fae8ad0ce64c3354b0d9aa9682e941ab99cf5eebcb8e89f73/python_bidi-0.6.9-cp314-cp314t-macosx_10_12_x86_64.whl", hash = "sha256:a78dc5e4e46a7df8d3056d56f08a11b165554b534d0b6a9e9bd80de17806e9e1", size = 269642, upload-time = "2026-05-05T11:10:58.337Z" },
    { url = "https://files.pythonhosted.org/packages/ef/f1/a311abb0e42241c03e3170be0203b245e64ffe76b439134f5ea57f6415f2/python_bidi-0.6.9-cp314-cp314t-macosx_11_0_arm64.whl", hash = "sha256:315d86b724a60a077b076b74a4d934b1565578c4b6335594b40b3fde2082721f", size = 268194, upload-time = "2026-05-05T11:10:46.321Z" },
    { url = "https://files.pythonhosted.org/packages/d2/4f/04327919a9f8796170d8af12a263ebdff7fc08ca2df96cfcbece113bb99d/python_bidi-0.6.9-cp314-cp314t-manylinux_2_17_aarch64.manylinux2014_aarch64.whl", hash = "sha256:2c885b7aa82074e13e5b648a81d157a88256b9c10c8018c304b52b3db46a967e", size = 295000, upload-time = "2026-05-05T11:09:31.14Z" },
    { url = "https://files.pythonhosted.org/packages/8a/6a/b8771df9b0d0b341cab078244fbf210974dd470cdf6393b73240b9c5ac97/python_bidi-0.6.9-cp314-cp314t-manylinux_2_17_armv7l.manylinux2014_armv7l.whl", hash = "sha256:0110b79fd81f6b8f051f468070995713303c177368319b4879d29a32ee67b977", size = 301681, upload-time = "2026-05-05T11:09:42.909Z" },
    { url = "https://files.pythonhosted.org/packages/82/5e/1a6000d97675be381115e6c308047e31f1352972eb659e7c57e0caed4dd4/python_bidi-0.6.9-cp314-cp314t-manylinux_2_17_ppc64le.manylinux2014_ppc64le.whl", hash = "sha256:e0c85f8af6069acf9305cbb057c98536151de82bf720b551f9a89d804fd13505", size = 415526, upload-time = "2026-05-05T11:09:55.514Z" },
    { url = "https://files.pythonhosted.org/packages/ed/07/cd99292099273138b6f674e69a172cb6a6042c3e870cb51e29dac3887e3e/python_bidi-0.6.9-cp314-cp314t-manylinux_2_17_s390x.manylinux2014_s390x.whl", hash = "sha256:5e834a97f190c65d692cab4c121a70672840a101cdad6e09ccde21c10836895d", size = 321828, upload-time = "2026-05-05T11:10:08.166Z" },
    { url = "https://files.pythonhosted.org/packages/bb/9b/62aff917cad79d099e9c017ff2842a882abe843dd5c70fe89439b00ae11d/python_bidi-0.6.9-cp314-cp314t-manylinux_2_17_x86_64.manylinux2014_x86_64.whl", hash = "sha256:de2b2eef20f3c4fd925f3ab9f59dd2d8d3b94dbd544f989d93978cf723bc1711", size = 299111, upload-time = "2026-05-05T11:10:33.294Z" },
    { url = "https://files.pythonhosted.org/packages/8f/67/df687a3963d42e76f80378b23f48547dd5baab56a30aca07a965b8957224/python_bidi-0.6.9-cp314-cp314t-manylinux_2_5_i686.manylinux1_i686.whl", hash = "sha256:09261ca97597e40cc3dd042bae4a00371f06200d4afb5802ad2e6e63f0a493e7", size = 316760, upload-time = "2026-05-05T11:10:20.949Z" },
    { url = "https://files.pythonhosted.org/packages/03/d5/167562d749e58f21bcdcbea655c8fc4d8fb09a642fe19854145b372e4476/python_bidi-0.6.9-cp314-cp314t-musllinux_1_2_aarch64.whl", hash = "sha256:4d57f4a81cf375c3922f1e12ca968f7519d609879b085273c0afc9e4ab6ed215", size = 471547, upload-time = "2026-05-05T11:11:11.156Z" },
    { url = "https://files.pythonhosted.org/packages/ad/5e/599822a84ef24aaf2a98bd371b1e8ed2eb45b8bb3cfe93f49fbf5da55ccf/python_bidi-0.6.9-cp314-cp314t-musllinux_1_2_armv7l.whl", hash = "sha256:4eaeb4122a8cee7012ce7b1daeb49b685b8ac5870d961fa9116db67a7ade3ad1", size = 577160, upload-time = "2026-05-05T11:11:24.852Z" },
    { url = "https://files.pythonhosted.org/packages/8d/87/ec0923486f086148d76c2e0108edd963bc3d32d1398488853bb4aafd29b8/python_bidi-0.6.9-cp314-cp314t-musllinux_1_2_i686.whl", hash = "sha256:244c2cf6d0cc8d1614e793d130f7e205d259a13e04be93a9e50c48d3a8ccae98", size = 537415, upload-time = "2026-05-05T11:11:38.65Z" },
    { url = "https://files.pythonhosted.org/packages/34/55/4531e841488a9c3645037155be13408b60616a200a1e29354ea4fb102b14/python_bidi-0.6.9-cp314-cp314t-musllinux_1_2_x86_64.whl", hash = "sha256:f7f76dbed88f395a85822a057ca29c0c29d4eeea6348d33d578d60fc257770cf", size = 503912, upload-time = "2026-05-05T11:11:51.816Z" },
    { url = "https://files.pythonhosted.org/packages/79/f9/9e1632888629f7443c5f72b70068adae485a6d3812b537350804bed7ac68/python_bidi-0.6.9-cp314-cp314t-win32.whl", hash = "sha256:f6b56761239738ce81222d7b50d7331d4195222089b2f2406375ad99bc60e9bb", size = 160265, upload-time = "2026-05-05T11:12:10.765Z" },
    { url = "https://files.pythonhosted.org/packages/79/52/cd09d2c90b17eb0780ba008a869e279d17d0d78fcbf64dbde1e652ff17f1/python_bidi-0.6.9-cp314-cp314t-win_amd64.whl", hash = "sha256:9c0baf4c4bc7052006b6d5db976997112cb4a66b417928a6bfd2084638efa0ea", size = 164869, upload-time = "2026-05-05T11:12:02.973Z" },
]

[[package]]
name = "werkzeug"
version = "3.1.8"
source = { registry = "https://pypi.org/simple" }
dependencies = [
    { name = "markupsafe" },
]
sdist = { url = "https://files.pythonhosted.org/packages/dd/b2/381be8cfdee792dd117872481b6e378f85c957dd7c5bca38897b08f765fd/werkzeug-3.1.8.tar.gz", hash = "sha256:9bad61a4268dac112f1c5cd4630a56ede601b6ed420300677a869083d70a4c44", size = 875852, upload-time = "2026-04-02T18:49:14.268Z" }
wheels = [
    { url = "https://files.pythonhosted.org/packages/93/8c/2e650f2afeb7ee576912636c23ddb621c91ac6a98e66dc8d29c3c69446e1/werkzeug-3.1.8-py3-none-any.whl", hash = "sha256:63a77fb8892bf28ebc3178683445222aa500e48ebad5ec77b0ad80f8726b1f50", size = 226459, upload-time = "2026-04-02T18:49:12.72Z" },
]
